{
  "object": {
    "pins": [
      {
        "package": "ClibModbus",
        "repositoryURL": "https://github.com/TheMisfit68/ClibModbus.git",
        "state": {
          "branch": "master",
          "revision": "af52333a3a54b2727975d12d995d1d91c612236f",
          "version": null
        }
      },
      {
        "package": "JVCocoa",
        "repositoryURL": "https://github.com/TheMisfit68/JVCocoa.git",
        "state": {
          "branch": "master",
          "revision": "3e6c972fd86dfc1d847d3cf136311e9b5666ba00",
          "version": null
        }
      },
      {
        "package": "ModbusDriver",
        "repositoryURL": "https://github.com/TheMisfit68/ModbusDriver.git",
        "state": {
          "branch": "master",
          "revision": "f6463cce4046201c5b106118378a41a175839b7b",
          "version": null
        }
      },
      {
        "package": "Neumorphic",
        "repositoryURL": "https://github.com/costachung/neumorphic.git",
        "state": {
          "branch": "master",
          "revision": "3fa56e844a5e375ff3d38e3c770886bcc949f6f5",
          "version": null
        }
      }
    ]
  },
  "version": 1
}
