{
  "object": {
    "pins": [
      {
        "package": "ClibModbus",
        "repositoryURL": "https://github.com/TheMisfit68/ClibModbus.git",
        "state": {
          "branch": "master",
          "revision": "af52333a3a54b2727975d12d995d1d91c612236f",
          "version": null
        }
      },
      {
        "package": "JVCocoa",
        "repositoryURL": "https://github.com/TheMisfit68/JVCocoa.git",
        "state": {
          "branch": "master",
          "revision": "257a1c63460178125ebc8e0e695a80f0d517eda2",
          "version": null
        }
      },
      {
        "package": "ModbusDriver",
        "repositoryURL": "https://github.com/TheMisfit68/ModbusDriver.git",
        "state": {
          "branch": "master",
          "revision": "5852b4b9c3389cf7d5586f11a94239b45cce098c",
          "version": null
        }
      },
      {
        "package": "Neumorphic",
        "repositoryURL": "https://github.com/costachung/neumorphic.git",
        "state": {
          "branch": "master",
          "revision": "3fa56e844a5e375ff3d38e3c770886bcc949f6f5",
          "version": null
        }
      }
    ]
  },
  "version": 1
}
