{
  "pins" : [
    {
      "identity" : "clibmodbus",
      "kind" : "remoteSourceControl",
      "location" : "https://github.com/TheMisfit68/ClibModbus.git",
      "state" : {
        "branch" : "main",
        "revision" : "2b87ee56760818337534c52f2c28b111a52aa614"
      }
    },
    {
      "identity" : "jvscripting",
      "kind" : "remoteSourceControl",
      "location" : "https://github.com/TheMisfit68/JVScripting.git",
      "state" : {
        "branch" : "main",
        "revision" : "6c7300f429327525f38ac7f9ebeab2b74d3870b2"
      }
    },
    {
      "identity" : "jvswiftcore",
      "kind" : "remoteSourceControl",
      "location" : "https://github.com/TheMisfit68/JVSwiftCore.git",
      "state" : {
        "branch" : "main",
        "revision" : "5bc0c7fb8851aa47b7589f096da86786585b7295"
      }
    },
    {
      "identity" : "modbusdriver",
      "kind" : "remoteSourceControl",
      "location" : "https://github.com/TheMisfit68/ModbusDriver.git",
      "state" : {
        "branch" : "main",
        "revision" : "06d667c3c839c3bd053aae3682f5f350169c4998"
      }
    },
    {
      "identity" : "neumorphic",
      "kind" : "remoteSourceControl",
      "location" : "https://github.com/TheMisfit68/Neumorphic.git",
      "state" : {
        "branch" : "master",
        "revision" : "3fa56e844a5e375ff3d38e3c770886bcc949f6f5"
      }
    }
  ],
  "version" : 2
}
